
Microsoft Visual Studio Solution File, Format Version 12.00
# Visual Studio Version 16
VisualStudioVersion = 16.0.30011.22
MinimumVisualStudioVersion = 10.0.40219.1
Project("{9A19103F-16F7-4668-BE54-9A1E7A4F7556}") = "CrMallTesteAvaliacao", "CrMallTesteAvaliacao\CrMallTesteAvaliacao.csproj", "{C875A295-6E4B-4F50-8246-AE5D07AEF8ED}"
EndProject
Global
	GlobalSection(SolutionConfigurationPlatforms) = preSolution
		Debug|Any CPU = Debug|Any CPU
		Release|Any CPU = Release|Any CPU
	EndGlobalSection
	GlobalSection(ProjectConfigurationPlatforms) = postSolution
		{C875A295-6E4B-4F50-8246-AE5D07AEF8ED}.Debug|Any CPU.ActiveCfg = Debug|Any CPU
		{C875A295-6E4B-4F50-8246-AE5D07AEF8ED}.Debug|Any CPU.Build.0 = Debug|Any CPU
		{C875A295-6E4B-4F50-8246-AE5D07AEF8ED}.Release|Any CPU.ActiveCfg = Release|Any CPU
		{C875A295-6E4B-4F50-8246-AE5D07AEF8ED}.Release|Any CPU.Build.0 = Release|Any CPU
	EndGlobalSection
	GlobalSection(SolutionProperties) = preSolution
		HideSolutionNode = FALSE
	EndGlobalSection
	GlobalSection(ExtensibilityGlobals) = postSolution
		SolutionGuid = {A2C4E6C4-C93F-4A34-9C64-E0302193DEB1}
	EndGlobalSection
EndGlobal
